
Microsoft Visual Studio Solution File, Format Version 12.00
# Visual Studio 14
VisualStudioVersion = 14.0.24720.0
MinimumVisualStudioVersion = 10.0.40219.1
Project("{FAE04EC0-301F-11D3-BF4B-00C04F79EFBC}") = "KSP4VS", "Kerbal Space Program Mod\Kerbal_Space_Program_Mod.ProjectType\KSP4VS.csproj", "{562B7026-D39C-4143-8E46-1A25D33A5389}"
EndProject
Project("{FAE04EC0-301F-11D3-BF4B-00C04F79EFBC}") = "KSP4VS.ProjectTemplate", "Kerbal Space Program Mod\Kerbal_Space_Program_Mod.ProjectTemplate\KSP4VS.ProjectTemplate.csproj", "{AD061B25-661B-4735-ACA8-99552D828642}"
EndProject
Project("{2150E333-8FDC-42A3-9474-1A3956D46DE8}") = "ItemTemplates", "ItemTemplates", "{15350195-52B6-4AB2-8E37-A4081DF4BF75}"
EndProject
Project("{FAE04EC0-301F-11D3-BF4B-00C04F79EFBC}") = "PartModule", "ItemTemplates\PartModule\PartModule.csproj", "{0B3FD505-6A20-4072-8A14-58CC21CEB6B0}"
EndProject
Project("{FAE04EC0-301F-11D3-BF4B-00C04F79EFBC}") = "MonoBehaviour", "ItemTemplates\MonoBehaviour\MonoBehaviour.csproj", "{2D8CAE89-A114-4ED7-9760-AAAD2526052A}"
EndProject
Project("{FAE04EC0-301F-11D3-BF4B-00C04F79EFBC}") = "ScenarioModule", "ItemTemplates\ScenarioModule\ScenarioModule.csproj", "{E189E5F3-F742-4446-9AC2-F2A9E4A38EE0}"
EndProject
Project("{FAE04EC0-301F-11D3-BF4B-00C04F79EFBC}") = "VesselModule", "ItemTemplates\VesselModule\VesselModule.csproj", "{929F2392-0019-43EF-BC20-38136F1DF87B}"
EndProject
Project("{FAE04EC0-301F-11D3-BF4B-00C04F79EFBC}") = "LoadingSystem", "ItemTemplates\LoadingSystem\LoadingSystem.csproj", "{0997CE5A-8C1E-4128-8EB6-9D89FE561871}"
EndProject
Project("{FAE04EC0-301F-11D3-BF4B-00C04F79EFBC}") = "ConfigNode", "ItemTemplates\ConfigNode\ConfigNode.csproj", "{90BC7B28-4C0D-4A52-9B5F-5D0AE0E8E446}"
EndProject
Project("{FAE04EC0-301F-11D3-BF4B-00C04F79EFBC}") = "KSP4VS.ConfigNode", "KSP4VS.ConfigNode\KSP4VS.ConfigNode.csproj", "{73EC7C98-8BBD-42B7-9DE3-D1729664297B}"
EndProject
Project("{2150E333-8FDC-42A3-9474-1A3956D46DE8}") = "ProjectTemplates", "ProjectTemplates", "{1A5C9E05-E25A-49AD-BFA1-3CC8596716B1}"
EndProject
Project("{FAE04EC0-301F-11D3-BF4B-00C04F79EFBC}") = "KSP4VS.ConfigNode.Tests", "KSP4VS.ConfigNode.Tests\KSP4VS.ConfigNode.Tests.csproj", "{55FF13ED-B0ED-46D6-987A-8B346C3EB86D}"
EndProject
Project("{FAE04EC0-301F-11D3-BF4B-00C04F79EFBC}") = "CKANFile", "ItemTemplates\CKANFile\CKANFile.csproj", "{ABD7B3BD-8C21-49DB-B0E5-4F0ADD603AB7}"
EndProject
Project("{FAE04EC0-301F-11D3-BF4B-00C04F79EFBC}") = "AVCFile", "ItemTemplates\AVCFile\AVCFile.csproj", "{51F710A3-2F10-4993-BED1-23BBACA0CAFC}"
EndProject
Project("{FAE04EC0-301F-11D3-BF4B-00C04F79EFBC}") = "CSharpClass", "ItemTemplates\CSharpClass\CSharpClass.csproj", "{E33A6FEA-2FC4-40C7-B505-C695A59E02E6}"
EndProject
Project("{FAE04EC0-301F-11D3-BF4B-00C04F79EFBC}") = "CSharpInterface", "ItemTemplates\CSharpInterface\CSharpInterface.csproj", "{0518CB84-DB88-4A21-BE6C-F56E95F58A8C}"
EndProject
Global
	GlobalSection(SolutionConfigurationPlatforms) = preSolution
		Debug|Any CPU = Debug|Any CPU
		Release|Any CPU = Release|Any CPU
	EndGlobalSection
	GlobalSection(ProjectConfigurationPlatforms) = postSolution
		{562B7026-D39C-4143-8E46-1A25D33A5389}.Debug|Any CPU.ActiveCfg = Debug|Any CPU
		{562B7026-D39C-4143-8E46-1A25D33A5389}.Debug|Any CPU.Build.0 = Debug|Any CPU
		{562B7026-D39C-4143-8E46-1A25D33A5389}.Release|Any CPU.ActiveCfg = Release|Any CPU
		{562B7026-D39C-4143-8E46-1A25D33A5389}.Release|Any CPU.Build.0 = Release|Any CPU
		{AD061B25-661B-4735-ACA8-99552D828642}.Debug|Any CPU.ActiveCfg = Debug|Any CPU
		{AD061B25-661B-4735-ACA8-99552D828642}.Debug|Any CPU.Build.0 = Debug|Any CPU
		{AD061B25-661B-4735-ACA8-99552D828642}.Release|Any CPU.ActiveCfg = Release|Any CPU
		{AD061B25-661B-4735-ACA8-99552D828642}.Release|Any CPU.Build.0 = Release|Any CPU
		{0B3FD505-6A20-4072-8A14-58CC21CEB6B0}.Debug|Any CPU.ActiveCfg = Debug|Any CPU
		{0B3FD505-6A20-4072-8A14-58CC21CEB6B0}.Debug|Any CPU.Build.0 = Debug|Any CPU
		{0B3FD505-6A20-4072-8A14-58CC21CEB6B0}.Release|Any CPU.ActiveCfg = Release|Any CPU
		{0B3FD505-6A20-4072-8A14-58CC21CEB6B0}.Release|Any CPU.Build.0 = Release|Any CPU
		{2D8CAE89-A114-4ED7-9760-AAAD2526052A}.Debug|Any CPU.ActiveCfg = Debug|Any CPU
		{2D8CAE89-A114-4ED7-9760-AAAD2526052A}.Debug|Any CPU.Build.0 = Debug|Any CPU
		{2D8CAE89-A114-4ED7-9760-AAAD2526052A}.Release|Any CPU.ActiveCfg = Release|Any CPU
		{2D8CAE89-A114-4ED7-9760-AAAD2526052A}.Release|Any CPU.Build.0 = Release|Any CPU
		{E189E5F3-F742-4446-9AC2-F2A9E4A38EE0}.Debug|Any CPU.ActiveCfg = Debug|Any CPU
		{E189E5F3-F742-4446-9AC2-F2A9E4A38EE0}.Debug|Any CPU.Build.0 = Debug|Any CPU
		{E189E5F3-F742-4446-9AC2-F2A9E4A38EE0}.Release|Any CPU.ActiveCfg = Release|Any CPU
		{E189E5F3-F742-4446-9AC2-F2A9E4A38EE0}.Release|Any CPU.Build.0 = Release|Any CPU
		{929F2392-0019-43EF-BC20-38136F1DF87B}.Debug|Any CPU.ActiveCfg = Debug|Any CPU
		{929F2392-0019-43EF-BC20-38136F1DF87B}.Debug|Any CPU.Build.0 = Debug|Any CPU
		{929F2392-0019-43EF-BC20-38136F1DF87B}.Release|Any CPU.ActiveCfg = Release|Any CPU
		{929F2392-0019-43EF-BC20-38136F1DF87B}.Release|Any CPU.Build.0 = Release|Any CPU
		{0997CE5A-8C1E-4128-8EB6-9D89FE561871}.Debug|Any CPU.ActiveCfg = Debug|Any CPU
		{0997CE5A-8C1E-4128-8EB6-9D89FE561871}.Debug|Any CPU.Build.0 = Debug|Any CPU
		{0997CE5A-8C1E-4128-8EB6-9D89FE561871}.Release|Any CPU.ActiveCfg = Release|Any CPU
		{0997CE5A-8C1E-4128-8EB6-9D89FE561871}.Release|Any CPU.Build.0 = Release|Any CPU
		{90BC7B28-4C0D-4A52-9B5F-5D0AE0E8E446}.Debug|Any CPU.ActiveCfg = Debug|Any CPU
		{90BC7B28-4C0D-4A52-9B5F-5D0AE0E8E446}.Debug|Any CPU.Build.0 = Debug|Any CPU
		{90BC7B28-4C0D-4A52-9B5F-5D0AE0E8E446}.Release|Any CPU.ActiveCfg = Release|Any CPU
		{90BC7B28-4C0D-4A52-9B5F-5D0AE0E8E446}.Release|Any CPU.Build.0 = Release|Any CPU
		{73EC7C98-8BBD-42B7-9DE3-D1729664297B}.Debug|Any CPU.ActiveCfg = Debug|Any CPU
		{73EC7C98-8BBD-42B7-9DE3-D1729664297B}.Debug|Any CPU.Build.0 = Debug|Any CPU
		{73EC7C98-8BBD-42B7-9DE3-D1729664297B}.Release|Any CPU.ActiveCfg = Release|Any CPU
		{73EC7C98-8BBD-42B7-9DE3-D1729664297B}.Release|Any CPU.Build.0 = Release|Any CPU
		{55FF13ED-B0ED-46D6-987A-8B346C3EB86D}.Debug|Any CPU.ActiveCfg = Debug|Any CPU
		{55FF13ED-B0ED-46D6-987A-8B346C3EB86D}.Debug|Any CPU.Build.0 = Debug|Any CPU
		{55FF13ED-B0ED-46D6-987A-8B346C3EB86D}.Release|Any CPU.ActiveCfg = Release|Any CPU
		{55FF13ED-B0ED-46D6-987A-8B346C3EB86D}.Release|Any CPU.Build.0 = Release|Any CPU
		{ABD7B3BD-8C21-49DB-B0E5-4F0ADD603AB7}.Debug|Any CPU.ActiveCfg = Debug|Any CPU
		{ABD7B3BD-8C21-49DB-B0E5-4F0ADD603AB7}.Debug|Any CPU.Build.0 = Debug|Any CPU
		{ABD7B3BD-8C21-49DB-B0E5-4F0ADD603AB7}.Release|Any CPU.ActiveCfg = Release|Any CPU
		{ABD7B3BD-8C21-49DB-B0E5-4F0ADD603AB7}.Release|Any CPU.Build.0 = Release|Any CPU
		{51F710A3-2F10-4993-BED1-23BBACA0CAFC}.Debug|Any CPU.ActiveCfg = Debug|Any CPU
		{51F710A3-2F10-4993-BED1-23BBACA0CAFC}.Debug|Any CPU.Build.0 = Debug|Any CPU
		{51F710A3-2F10-4993-BED1-23BBACA0CAFC}.Release|Any CPU.ActiveCfg = Release|Any CPU
		{51F710A3-2F10-4993-BED1-23BBACA0CAFC}.Release|Any CPU.Build.0 = Release|Any CPU
		{E33A6FEA-2FC4-40C7-B505-C695A59E02E6}.Debug|Any CPU.ActiveCfg = Debug|Any CPU
		{E33A6FEA-2FC4-40C7-B505-C695A59E02E6}.Debug|Any CPU.Build.0 = Debug|Any CPU
		{E33A6FEA-2FC4-40C7-B505-C695A59E02E6}.Release|Any CPU.ActiveCfg = Release|Any CPU
		{E33A6FEA-2FC4-40C7-B505-C695A59E02E6}.Release|Any CPU.Build.0 = Release|Any CPU
		{0518CB84-DB88-4A21-BE6C-F56E95F58A8C}.Debug|Any CPU.ActiveCfg = Debug|Any CPU
		{0518CB84-DB88-4A21-BE6C-F56E95F58A8C}.Debug|Any CPU.Build.0 = Debug|Any CPU
		{0518CB84-DB88-4A21-BE6C-F56E95F58A8C}.Release|Any CPU.ActiveCfg = Release|Any CPU
		{0518CB84-DB88-4A21-BE6C-F56E95F58A8C}.Release|Any CPU.Build.0 = Release|Any CPU
	EndGlobalSection
	GlobalSection(SolutionProperties) = preSolution
		HideSolutionNode = FALSE
	EndGlobalSection
	GlobalSection(NestedProjects) = preSolution
		{AD061B25-661B-4735-ACA8-99552D828642} = {1A5C9E05-E25A-49AD-BFA1-3CC8596716B1}
		{0B3FD505-6A20-4072-8A14-58CC21CEB6B0} = {15350195-52B6-4AB2-8E37-A4081DF4BF75}
		{2D8CAE89-A114-4ED7-9760-AAAD2526052A} = {15350195-52B6-4AB2-8E37-A4081DF4BF75}
		{E189E5F3-F742-4446-9AC2-F2A9E4A38EE0} = {15350195-52B6-4AB2-8E37-A4081DF4BF75}
		{929F2392-0019-43EF-BC20-38136F1DF87B} = {15350195-52B6-4AB2-8E37-A4081DF4BF75}
		{0997CE5A-8C1E-4128-8EB6-9D89FE561871} = {15350195-52B6-4AB2-8E37-A4081DF4BF75}
		{90BC7B28-4C0D-4A52-9B5F-5D0AE0E8E446} = {15350195-52B6-4AB2-8E37-A4081DF4BF75}
		{ABD7B3BD-8C21-49DB-B0E5-4F0ADD603AB7} = {15350195-52B6-4AB2-8E37-A4081DF4BF75}
		{51F710A3-2F10-4993-BED1-23BBACA0CAFC} = {15350195-52B6-4AB2-8E37-A4081DF4BF75}
		{E33A6FEA-2FC4-40C7-B505-C695A59E02E6} = {15350195-52B6-4AB2-8E37-A4081DF4BF75}
		{0518CB84-DB88-4A21-BE6C-F56E95F58A8C} = {15350195-52B6-4AB2-8E37-A4081DF4BF75}
	EndGlobalSection
EndGlobal
